<?xml version="1.0" encoding="utf-8"?>
<Project ToolsVersion="4.0" xmlns="http://schemas.microsoft.com/developer/msbuild/2003">
  <ItemGroup>
    <Filter Include="源文件">
      <UniqueIdentifier>{4FC737F1-C7A5-4376-A066-2A32D752A2FF}</UniqueIdentifier>
      <Extensions>cpp;c;cc;cxx;def;odl;idl;hpj;bat;asm;asmx</Extensions>
    </Filter>
    <Filter Include="头文件">
      <UniqueIdentifier>{93995380-89BD-4b04-88EB-625FBE52EBFB}</UniqueIdentifier>
      <Extensions>h;hh;hpp;hxx;hm;inl;inc;xsd</Extensions>
    </Filter>
    <Filter Include="资源文件">
      <UniqueIdentifier>{67DA6AB6-F800-4c08-8B7A-83BB121AAD01}</UniqueIdentifier>
      <Extensions>rc;ico;cur;bmp;dlg;rc2;rct;bin;rgs;gif;jpg;jpeg;jpe;resx;tiff;tif;png;wav;mfcribbon-ms</Extensions>
    </Filter>
    <Filter Include="源文件\rcv">
      <UniqueIdentifier>{51a9c41f-428b-4a63-9b7e-a57aa17ea99f}</UniqueIdentifier>
    </Filter>
  </ItemGroup>
  <ItemGroup>
    <ClInclude Include="src242\rtklib.h">
      <Filter>头文件</Filter>
    </ClInclude>
  </ItemGroup>
  <ItemGroup>
    <ClCompile Include="src242\convkml.c">
      <Filter>源文件</Filter>
    </ClCompile>
    <ClCompile Include="src242\convrnx.c">
      <Filter>源文件</Filter>
    </ClCompile>
    <ClCompile Include="src242\datum.c">
      <Filter>源文件</Filter>
    </ClCompile>
    <ClCompile Include="src242\download.c">
      <Filter>源文件</Filter>
    </ClCompile>
    <ClCompile Include="src242\ephemeris.c">
      <Filter>源文件</Filter>
    </ClCompile>
    <ClCompile Include="src242\geoid.c">
      <Filter>源文件</Filter>
    </ClCompile>
    <ClCompile Include="src242\ionex.c">
      <Filter>源文件</Filter>
    </ClCompile>
    <ClCompile Include="src242\lambda.c">
      <Filter>源文件</Filter>
    </ClCompile>
    <ClCompile Include="src242\options.c">
      <Filter>源文件</Filter>
    </ClCompile>
    <ClCompile Include="src242\pntpos.c">
      <Filter>源文件</Filter>
    </ClCompile>
    <ClCompile Include="src242\postpos.c">
      <Filter>源文件</Filter>
    </ClCompile>
    <ClCompile Include="src242\ppp.c">
      <Filter>源文件</Filter>
    </ClCompile>
    <ClCompile Include="src242\ppp_ar.c">
      <Filter>源文件</Filter>
    </ClCompile>
    <ClCompile Include="src242\preceph.c">
      <Filter>源文件</Filter>
    </ClCompile>
    <ClCompile Include="src242\qzslex.c">
      <Filter>源文件</Filter>
    </ClCompile>
    <ClCompile Include="src242\rcvraw.c">
      <Filter>源文件</Filter>
    </ClCompile>
    <ClCompile Include="src242\rinex.c">
      <Filter>源文件</Filter>
    </ClCompile>
    <ClCompile Include="src242\rtcm.c">
      <Filter>源文件</Filter>
    </ClCompile>
    <ClCompile Include="src242\rtcm2.c">
      <Filter>源文件</Filter>
    </ClCompile>
    <ClCompile Include="src242\rtcm3.c">
      <Filter>源文件</Filter>
    </ClCompile>
    <ClCompile Include="src242\rtcm3e.c">
      <Filter>源文件</Filter>
    </ClCompile>
    <ClCompile Include="src242\rtkcmn.c">
      <Filter>源文件</Filter>
    </ClCompile>
    <ClCompile Include="src242\rtkpos.c">
      <Filter>源文件</Filter>
    </ClCompile>
    <ClCompile Include="src242\rtksvr.c">
      <Filter>源文件</Filter>
    </ClCompile>
    <ClCompile Include="src242\sbas.c">
      <Filter>源文件</Filter>
    </ClCompile>
    <ClCompile Include="src242\solution.c">
      <Filter>源文件</Filter>
    </ClCompile>
    <ClCompile Include="src242\stream.c">
      <Filter>源文件</Filter>
    </ClCompile>
    <ClCompile Include="src242\streamsvr.c">
      <Filter>源文件</Filter>
    </ClCompile>
    <ClCompile Include="src242\tle.c">
      <Filter>源文件</Filter>
    </ClCompile>
    <ClCompile Include="src242\rcv\binex.c">
      <Filter>源文件\rcv</Filter>
    </ClCompile>
    <ClCompile Include="src242\rcv\crescent.c">
      <Filter>源文件\rcv</Filter>
    </ClCompile>
    <ClCompile Include="src242\rcv\gw10.c">
      <Filter>源文件\rcv</Filter>
    </ClCompile>
    <ClCompile Include="src242\rcv\javad.c">
      <Filter>源文件\rcv</Filter>
    </ClCompile>
    <ClCompile Include="src242\rcv\novatel.c">
      <Filter>源文件\rcv</Filter>
    </ClCompile>
    <ClCompile Include="src242\rcv\nvs.c">
      <Filter>源文件\rcv</Filter>
    </ClCompile>
    <ClCompile Include="src242\rcv\rcvlex.c">
      <Filter>源文件\rcv</Filter>
    </ClCompile>
    <ClCompile Include="src242\rcv\rt17.c">
      <Filter>源文件\rcv</Filter>
    </ClCompile>
    <ClCompile Include="src242\rcv\septentrio.c">
      <Filter>源文件\rcv</Filter>
    </ClCompile>
    <ClCompile Include="src242\rcv\skytraq.c">
      <Filter>源文件\rcv</Filter>
    </ClCompile>
    <ClCompile Include="src242\rcv\ss2.c">
      <Filter>源文件\rcv</Filter>
    </ClCompile>
    <ClCompile Include="src242\rcv\ublox.c">
      <Filter>源文件\rcv</Filter>
    </ClCompile>
    <ClCompile Include="src242\main242.c">
      <Filter>源文件</Filter>
    </ClCompile>
  </ItemGroup>
</Project>